
Microsoft Visual Studio Solution File, Format Version 12.00
# Visual Studio Version 17
VisualStudioVersion = 17.9.34902.65
MinimumVisualStudioVersion = 10.0.40219.1
Project("{FAE04EC0-301F-11D3-BF4B-00C04F79EFBC}") = "MockingWithXUnitMoq", "MockingWithXUnitMoq\MockingWithXUnitMoq.csproj", "{63A1A4C7-2A05-4B66-9C5C-FBF175F4A5A2}"
EndProject
Project("{FAE04EC0-301F-11D3-BF4B-00C04F79EFBC}") = "MockingWithXXUnitMoq.Tests", "MockingWithXXUnitMoq.Tests\MockingWithXXUnitMoq.Tests.csproj", "{742828C9-B783-47E6-AB66-338F4AD78A8E}"
EndProject
Global
	GlobalSection(SolutionConfigurationPlatforms) = preSolution
		Debug|Any CPU = Debug|Any CPU
		Release|Any CPU = Release|Any CPU
	EndGlobalSection
	GlobalSection(ProjectConfigurationPlatforms) = postSolution
		{63A1A4C7-2A05-4B66-9C5C-FBF175F4A5A2}.Debug|Any CPU.ActiveCfg = Debug|Any CPU
		{63A1A4C7-2A05-4B66-9C5C-FBF175F4A5A2}.Debug|Any CPU.Build.0 = Debug|Any CPU
		{63A1A4C7-2A05-4B66-9C5C-FBF175F4A5A2}.Release|Any CPU.ActiveCfg = Release|Any CPU
		{63A1A4C7-2A05-4B66-9C5C-FBF175F4A5A2}.Release|Any CPU.Build.0 = Release|Any CPU
		{742828C9-B783-47E6-AB66-338F4AD78A8E}.Debug|Any CPU.ActiveCfg = Debug|Any CPU
		{742828C9-B783-47E6-AB66-338F4AD78A8E}.Debug|Any CPU.Build.0 = Debug|Any CPU
		{742828C9-B783-47E6-AB66-338F4AD78A8E}.Release|Any CPU.ActiveCfg = Release|Any CPU
		{742828C9-B783-47E6-AB66-338F4AD78A8E}.Release|Any CPU.Build.0 = Release|Any CPU
	EndGlobalSection
	GlobalSection(SolutionProperties) = preSolution
		HideSolutionNode = FALSE
	EndGlobalSection
	GlobalSection(ExtensibilityGlobals) = postSolution
		SolutionGuid = {D0CB0172-139C-4184-BE34-D39D6359C3EB}
	EndGlobalSection
EndGlobal
